<?xml version="1.0" encoding="UTF-8" standalone="yes" ?>
<CodeBlocks_project_file>
   <FileVersion major="1" minor="6" />
   <Project>
      <Option title="drash-project" />
      <Option makefile_is_custom="1" />
      <Option compiler="gcc" />
      <Option virtualFolders="CMake Files\;" />
      <Build>
      <Target title="all">
         <Option working_dir="/home/edvorg/edvorg-drash/qtcreator-build" />
         <Option type="4" />
         <MakeCommands>
            <Build command="/usr/bin/make -f &quot;/home/edvorg/edvorg-drash/qtcreator-build/Makefile&quot;  VERBOSE=1 all" />
            <CompileFile command="/usr/bin/make -f &quot;/home/edvorg/edvorg-drash/qtcreator-build/Makefile&quot;  VERBOSE=1 &quot;$file&quot;" />
            <Clean command="/usr/bin/make -f &quot;/home/edvorg/edvorg-drash/qtcreator-build/Makefile&quot;  VERBOSE=1 clean" />
            <DistClean command="/usr/bin/make -f &quot;/home/edvorg/edvorg-drash/qtcreator-build/Makefile&quot;  VERBOSE=1 clean" />
         </MakeCommands>
      </Target>
      <Target title="drash-project">
         <Option output="/home/edvorg/edvorg-drash/qtcreator-build/drash-project" prefix_auto="0" extension_auto="0" />
         <Option working_dir="/home/edvorg/edvorg-drash/qtcreator-build" />
         <Option object_output="./" />
         <Option type="1" />
         <Option compiler="gcc" />
         <Compiler>
            <Add directory="/usr/include" />
            <Add directory="/usr/lib/gcc/x86_64-unknown-linux-gnu/4.7.1/../../../../include/c++/4.7.1" />
            <Add directory="/usr/lib/gcc/x86_64-unknown-linux-gnu/4.7.1/../../../../include/c++/4.7.1/backward" />
            <Add directory="/usr/lib/gcc/x86_64-unknown-linux-gnu/4.7.1/../../../../include/c++/4.7.1/x86_64-unknown-linux-gnu" />
            <Add directory="/usr/lib/gcc/x86_64-unknown-linux-gnu/4.7.1/include" />
            <Add directory="/usr/lib/gcc/x86_64-unknown-linux-gnu/4.7.1/include-fixed" />
            <Add directory="/usr/local/include" />
         </Compiler>
         <MakeCommands>
            <Build command="/usr/bin/make -f &quot;/home/edvorg/edvorg-drash/qtcreator-build/Makefile&quot;  VERBOSE=1 drash-project" />
            <CompileFile command="/usr/bin/make -f &quot;/home/edvorg/edvorg-drash/qtcreator-build/Makefile&quot;  VERBOSE=1 &quot;$file&quot;" />
            <Clean command="/usr/bin/make -f &quot;/home/edvorg/edvorg-drash/qtcreator-build/Makefile&quot;  VERBOSE=1 clean" />
            <DistClean command="/usr/bin/make -f &quot;/home/edvorg/edvorg-drash/qtcreator-build/Makefile&quot;  VERBOSE=1 clean" />
         </MakeCommands>
      </Target>
      <Target title="drash-project/fast">
         <Option output="/home/edvorg/edvorg-drash/qtcreator-build/drash-project" prefix_auto="0" extension_auto="0" />
         <Option working_dir="/home/edvorg/edvorg-drash/qtcreator-build" />
         <Option object_output="./" />
         <Option type="1" />
         <Option compiler="gcc" />
         <Compiler>
            <Add directory="/usr/include" />
            <Add directory="/usr/lib/gcc/x86_64-unknown-linux-gnu/4.7.1/../../../../include/c++/4.7.1" />
            <Add directory="/usr/lib/gcc/x86_64-unknown-linux-gnu/4.7.1/../../../../include/c++/4.7.1/backward" />
            <Add directory="/usr/lib/gcc/x86_64-unknown-linux-gnu/4.7.1/../../../../include/c++/4.7.1/x86_64-unknown-linux-gnu" />
            <Add directory="/usr/lib/gcc/x86_64-unknown-linux-gnu/4.7.1/include" />
            <Add directory="/usr/lib/gcc/x86_64-unknown-linux-gnu/4.7.1/include-fixed" />
            <Add directory="/usr/local/include" />
         </Compiler>
         <MakeCommands>
            <Build command="/usr/bin/make -f &quot;/home/edvorg/edvorg-drash/qtcreator-build/Makefile&quot;  VERBOSE=1 drash-project/fast" />
            <CompileFile command="/usr/bin/make -f &quot;/home/edvorg/edvorg-drash/qtcreator-build/Makefile&quot;  VERBOSE=1 &quot;$file&quot;" />
            <Clean command="/usr/bin/make -f &quot;/home/edvorg/edvorg-drash/qtcreator-build/Makefile&quot;  VERBOSE=1 clean" />
            <DistClean command="/usr/bin/make -f &quot;/home/edvorg/edvorg-drash/qtcreator-build/Makefile&quot;  VERBOSE=1 clean" />
         </MakeCommands>
      </Target>
      <Target title="rebuild_cache">
         <Option working_dir="/home/edvorg/edvorg-drash/qtcreator-build" />
         <Option type="4" />
         <MakeCommands>
            <Build command="/usr/bin/make -f &quot;/home/edvorg/edvorg-drash/qtcreator-build/Makefile&quot;  VERBOSE=1 rebuild_cache" />
            <CompileFile command="/usr/bin/make -f &quot;/home/edvorg/edvorg-drash/qtcreator-build/Makefile&quot;  VERBOSE=1 &quot;$file&quot;" />
            <Clean command="/usr/bin/make -f &quot;/home/edvorg/edvorg-drash/qtcreator-build/Makefile&quot;  VERBOSE=1 clean" />
            <DistClean command="/usr/bin/make -f &quot;/home/edvorg/edvorg-drash/qtcreator-build/Makefile&quot;  VERBOSE=1 clean" />
         </MakeCommands>
      </Target>
      </Build>
      <Unit filename="/home/edvorg/edvorg-drash/drash-project/main.cpp">
      </Unit>
      <Unit filename="/home/edvorg/edvorg-drash/drash-project/CMakeLists.txt">
          <Option virtualFolder="CMake Files\" />
      </Unit>
   </Project>
</CodeBlocks_project_file>
